
Microsoft Visual Studio Solution File, Format Version 12.00
# Visual Studio 15
VisualStudioVersion = 15.0.27428.2002
MinimumVisualStudioVersion = 10.0.40219.1
Project("{8BC9CEB8-8B4A-11D0-8D11-00A0C91BC942}") = "GroceryStore", "GroceryStore\GroceryStore.vcxproj", "{85BFABCF-02E3-4234-A319-0977F726479A}"
EndProject
Project("{8BC9CEB8-8B4A-11D0-8D11-00A0C91BC942}") = "GroceryStoreTest", "GroceryStoreTest\GroceryStoreTest.vcxproj", "{B8F72617-AAC8-450E-8EFB-C8A971EAF0C2}"
EndProject
Global
	GlobalSection(SolutionConfigurationPlatforms) = preSolution
		Debug|x64 = Debug|x64
		Release|x64 = Release|x64
	EndGlobalSection
	GlobalSection(ProjectConfigurationPlatforms) = postSolution
		{85BFABCF-02E3-4234-A319-0977F726479A}.Debug|x64.ActiveCfg = Debug|x64
		{85BFABCF-02E3-4234-A319-0977F726479A}.Debug|x64.Build.0 = Debug|x64
		{85BFABCF-02E3-4234-A319-0977F726479A}.Release|x64.ActiveCfg = Release|x64
		{85BFABCF-02E3-4234-A319-0977F726479A}.Release|x64.Build.0 = Release|x64
		{B8F72617-AAC8-450E-8EFB-C8A971EAF0C2}.Debug|x64.ActiveCfg = Debug|x64
		{B8F72617-AAC8-450E-8EFB-C8A971EAF0C2}.Debug|x64.Build.0 = Debug|x64
		{B8F72617-AAC8-450E-8EFB-C8A971EAF0C2}.Release|x64.ActiveCfg = Release|x64
		{B8F72617-AAC8-450E-8EFB-C8A971EAF0C2}.Release|x64.Build.0 = Release|x64
	EndGlobalSection
	GlobalSection(SolutionProperties) = preSolution
		HideSolutionNode = FALSE
	EndGlobalSection
	GlobalSection(ExtensibilityGlobals) = postSolution
		SolutionGuid = {72857768-D57A-45A0-9156-E9720445A6B5}
	EndGlobalSection
EndGlobal
